// !$*UTF8*$!
{
	archiveVersion = 1;
	classes = {
	};
	objectVersion = 56;
	objects = {

/* Begin PBXBuildFile section */
		726D5C6C2A104D2500B4D622 /* TicTacToeApp.swift in Sources */ = {isa = PBXBuildFile; fileRef = 726D5C6B2A104D2500B4D622 /* TicTacToeApp.swift */; };
		726D5C6E2A104D2500B4D622 /* ContentView.swift in Sources */ = {isa = PBXBuildFile; fileRef = 726D5C6D2A104D2500B4D622 /* ContentView.swift */; };
		726D5C702A104D2700B4D622 /* Assets.xcassets in Resources */ = {isa = PBXBuildFile; fileRef = 726D5C6F2A104D2700B4D622 /* Assets.xcassets */; };
		726D5C732A104D2700B4D622 /* Preview Assets.xcassets in Resources */ = {isa = PBXBuildFile; fileRef = 726D5C722A104D2700B4D622 /* Preview Assets.xcassets */; };
		726D5C7D2A104D2700B4D622 /* TicTacToeTests.swift in Sources */ = {isa = PBXBuildFile; fileRef = 726D5C7C2A104D2700B4D622 /* TicTacToeTests.swift */; };
		726D5C872A104D2700B4D622 /* TicTacToeUITests.swift in Sources */ = {isa = PBXBuildFile; fileRef = 726D5C862A104D2700B4D622 /* TicTacToeUITests.swift */; };
		726D5C892A104D2700B4D622 /* TicTacToeUITestsLaunchTests.swift in Sources */ = {isa = PBXBuildFile; fileRef = 726D5C882A104D2700B4D622 /* TicTacToeUITestsLaunchTests.swift */; };
		726D5C972A104DEF00B4D622 /* TicModel.swift in Sources */ = {isa = PBXBuildFile; fileRef = 726D5C962A104DEF00B4D622 /* TicModel.swift */; };
		726D5C9B2A10560300B4D622 /* TicViewModelTests.swift in Sources */ = {isa = PBXBuildFile; fileRef = 726D5C9A2A10560300B4D622 /* TicViewModelTests.swift */; };
		726D5C9E2A10563500B4D622 /* TicViewModel.swift in Sources */ = {isa = PBXBuildFile; fileRef = 726D5C9D2A10563500B4D622 /* TicViewModel.swift */; };
/* End PBXBuildFile section */

/* Begin PBXContainerItemProxy section */
		726D5C792A104D2700B4D622 /* PBXContainerItemProxy */ = {
			isa = PBXContainerItemProxy;
			containerPortal = 726D5C602A104D2500B4D622 /* Project object */;
			proxyType = 1;
			remoteGlobalIDString = 726D5C672A104D2500B4D622;
			remoteInfo = TicTacToe;
		};
		726D5C832A104D2700B4D622 /* PBXContainerItemProxy */ = {
			isa = PBXContainerItemProxy;
			containerPortal = 726D5C602A104D2500B4D622 /* Project object */;
			proxyType = 1;
			remoteGlobalIDString = 726D5C672A104D2500B4D622;
			remoteInfo = TicTacToe;
		};
/* End PBXContainerItemProxy section */

/* Begin PBXFileReference section */
		726D5C682A104D2500B4D622 /* TicTacToe.app */ = {isa = PBXFileReference; explicitFileType = wrapper.application; includeInIndex = 0; path = TicTacToe.app; sourceTree = BUILT_PRODUCTS_DIR; };
		726D5C6B2A104D2500B4D622 /* TicTacToeApp.swift */ = {isa = PBXFileReference; lastKnownFileType = sourcecode.swift; path = TicTacToeApp.swift; sourceTree = "<group>"; };
		726D5C6D2A104D2500B4D622 /* ContentView.swift */ = {isa = PBXFileReference; lastKnownFileType = sourcecode.swift; path = ContentView.swift; sourceTree = "<group>"; };
		726D5C6F2A104D2700B4D622 /* Assets.xcassets */ = {isa = PBXFileReference; lastKnownFileType = folder.assetcatalog; path = Assets.xcassets; sourceTree = "<group>"; };
		726D5C722A104D2700B4D622 /* Preview Assets.xcassets */ = {isa = PBXFileReference; lastKnownFileType = folder.assetcatalog; path = "Preview Assets.xcassets"; sourceTree = "<group>"; };
		726D5C782A104D2700B4D622 /* TicTacToeTests.xctest */ = {isa = PBXFileReference; explicitFileType = wrapper.cfbundle; includeInIndex = 0; path = TicTacToeTests.xctest; sourceTree = BUILT_PRODUCTS_DIR; };
		726D5C7C2A104D2700B4D622 /* TicTacToeTests.swift */ = {isa = PBXFileReference; lastKnownFileType = sourcecode.swift; path = TicTacToeTests.swift; sourceTree = "<group>"; };
		726D5C822A104D2700B4D622 /* TicTacToeUITests.xctest */ = {isa = PBXFileReference; explicitFileType = wrapper.cfbundle; includeInIndex = 0; path = TicTacToeUITests.xctest; sourceTree = BUILT_PRODUCTS_DIR; };
		726D5C862A104D2700B4D622 /* TicTacToeUITests.swift */ = {isa = PBXFileReference; lastKnownFileType = sourcecode.swift; path = TicTacToeUITests.swift; sourceTree = "<group>"; };
		726D5C882A104D2700B4D622 /* TicTacToeUITestsLaunchTests.swift */ = {isa = PBXFileReference; lastKnownFileType = sourcecode.swift; path = TicTacToeUITestsLaunchTests.swift; sourceTree = "<group>"; };
		726D5C962A104DEF00B4D622 /* TicModel.swift */ = {isa = PBXFileReference; lastKnownFileType = sourcecode.swift; path = TicModel.swift; sourceTree = "<group>"; };
		726D5C9A2A10560300B4D622 /* TicViewModelTests.swift */ = {isa = PBXFileReference; lastKnownFileType = sourcecode.swift; path = TicViewModelTests.swift; sourceTree = "<group>"; };
		726D5C9D2A10563500B4D622 /* TicViewModel.swift */ = {isa = PBXFileReference; lastKnownFileType = sourcecode.swift; path = TicViewModel.swift; sourceTree = "<group>"; };
/* End PBXFileReference section */

/* Begin PBXFrameworksBuildPhase section */
		726D5C652A104D2500B4D622 /* Frameworks */ = {
			isa = PBXFrameworksBuildPhase;
			buildActionMask = 2147483647;
			files = (
			);
			runOnlyForDeploymentPostprocessing = 0;
		};
		726D5C752A104D2700B4D622 /* Frameworks */ = {
			isa = PBXFrameworksBuildPhase;
			buildActionMask = 2147483647;
			files = (
			);
			runOnlyForDeploymentPostprocessing = 0;
		};
		726D5C7F2A104D2700B4D622 /* Frameworks */ = {
			isa = PBXFrameworksBuildPhase;
			buildActionMask = 2147483647;
			files = (
			);
			runOnlyForDeploymentPostprocessing = 0;
		};
/* End PBXFrameworksBuildPhase section */

/* Begin PBXGroup section */
		726D5C5F2A104D2500B4D622 = {
			isa = PBXGroup;
			children = (
				726D5C6A2A104D2500B4D622 /* TicTacToe */,
				726D5C7B2A104D2700B4D622 /* TicTacToeTests */,
				726D5C852A104D2700B4D622 /* TicTacToeUITests */,
				726D5C692A104D2500B4D622 /* Products */,
			);
			sourceTree = "<group>";
		};
		726D5C692A104D2500B4D622 /* Products */ = {
			isa = PBXGroup;
			children = (
				726D5C682A104D2500B4D622 /* TicTacToe.app */,
				726D5C782A104D2700B4D622 /* TicTacToeTests.xctest */,
				726D5C822A104D2700B4D622 /* TicTacToeUITests.xctest */,
			);
			name = Products;
			sourceTree = "<group>";
		};
		726D5C6A2A104D2500B4D622 /* TicTacToe */ = {
			isa = PBXGroup;
			children = (
				726D5C9C2A10561F00B4D622 /* Viewmodel */,
				726D5C952A104DC800B4D622 /* Model */,
				726D5C6B2A104D2500B4D622 /* TicTacToeApp.swift */,
				726D5C6D2A104D2500B4D622 /* ContentView.swift */,
				726D5C6F2A104D2700B4D622 /* Assets.xcassets */,
				726D5C712A104D2700B4D622 /* Preview Content */,
			);
			path = TicTacToe;
			sourceTree = "<group>";
		};
		726D5C712A104D2700B4D622 /* Preview Content */ = {
			isa = PBXGroup;
			children = (
				726D5C722A104D2700B4D622 /* Preview Assets.xcassets */,
			);
			path = "Preview Content";
			sourceTree = "<group>";
		};
		726D5C7B2A104D2700B4D622 /* TicTacToeTests */ = {
			isa = PBXGroup;
			children = (
				726D5C992A1055DD00B4D622 /* ViewModelTests */,
				726D5C982A1055CF00B4D622 /* ModelTests */,
			);
			path = TicTacToeTests;
			sourceTree = "<group>";
		};
		726D5C852A104D2700B4D622 /* TicTacToeUITests */ = {
			isa = PBXGroup;
			children = (
				726D5C862A104D2700B4D622 /* TicTacToeUITests.swift */,
				726D5C882A104D2700B4D622 /* TicTacToeUITestsLaunchTests.swift */,
			);
			path = TicTacToeUITests;
			sourceTree = "<group>";
		};
		726D5C952A104DC800B4D622 /* Model */ = {
			isa = PBXGroup;
			children = (
				726D5C962A104DEF00B4D622 /* TicModel.swift */,
			);
			path = Model;
			sourceTree = "<group>";
		};
		726D5C982A1055CF00B4D622 /* ModelTests */ = {
			isa = PBXGroup;
			children = (
				726D5C7C2A104D2700B4D622 /* TicTacToeTests.swift */,
			);
			path = ModelTests;
			sourceTree = "<group>";
		};
		726D5C992A1055DD00B4D622 /* ViewModelTests */ = {
			isa = PBXGroup;
			children = (
				726D5C9A2A10560300B4D622 /* TicViewModelTests.swift */,
			);
			path = ViewModelTests;
			sourceTree = "<group>";
		};
		726D5C9C2A10561F00B4D622 /* Viewmodel */ = {
			isa = PBXGroup;
			children = (
				726D5C9D2A10563500B4D622 /* TicViewModel.swift */,
			);
			path = Viewmodel;
			sourceTree = "<group>";
		};
/* End PBXGroup section */

/* Begin PBXNativeTarget section */
		726D5C672A104D2500B4D622 /* TicTacToe */ = {
			isa = PBXNativeTarget;
			buildConfigurationList = 726D5C8C2A104D2700B4D622 /* Build configuration list for PBXNativeTarget "TicTacToe" */;
			buildPhases = (
				726D5C642A104D2500B4D622 /* Sources */,
				726D5C652A104D2500B4D622 /* Frameworks */,
				726D5C662A104D2500B4D622 /* Resources */,
			);
			buildRules = (
			);
			dependencies = (
			);
			name = TicTacToe;
			productName = TicTacToe;
			productReference = 726D5C682A104D2500B4D622 /* TicTacToe.app */;
			productType = "com.apple.product-type.application";
		};
		726D5C772A104D2700B4D622 /* TicTacToeTests */ = {
			isa = PBXNativeTarget;
			buildConfigurationList = 726D5C8F2A104D2700B4D622 /* Build configuration list for PBXNativeTarget "TicTacToeTests" */;
			buildPhases = (
				726D5C742A104D2700B4D622 /* Sources */,
				726D5C752A104D2700B4D622 /* Frameworks */,
				726D5C762A104D2700B4D622 /* Resources */,
			);
			buildRules = (
			);
			dependencies = (
				726D5C7A2A104D2700B4D622 /* PBXTargetDependency */,
			);
			name = TicTacToeTests;
			productName = TicTacToeTests;
			productReference = 726D5C782A104D2700B4D622 /* TicTacToeTests.xctest */;
			productType = "com.apple.product-type.bundle.unit-test";
		};
		726D5C812A104D2700B4D622 /* TicTacToeUITests */ = {
			isa = PBXNativeTarget;
			buildConfigurationList = 726D5C922A104D2700B4D622 /* Build configuration list for PBXNativeTarget "TicTacToeUITests" */;
			buildPhases = (
				726D5C7E2A104D2700B4D622 /* Sources */,
				726D5C7F2A104D2700B4D622 /* Frameworks */,
				726D5C802A104D2700B4D622 /* Resources */,
			);
			buildRules = (
			);
			dependencies = (
				726D5C842A104D2700B4D622 /* PBXTargetDependency */,
			);
			name = TicTacToeUITests;
			productName = TicTacToeUITests;
			productReference = 726D5C822A104D2700B4D622 /* TicTacToeUITests.xctest */;
			productType = "com.apple.product-type.bundle.ui-testing";
		};
/* End PBXNativeTarget section */

/* Begin PBXProject section */
		726D5C602A104D2500B4D622 /* Project object */ = {
			isa = PBXProject;
			attributes = {
				BuildIndependentTargetsInParallel = 1;
				LastSwiftUpdateCheck = 1430;
				LastUpgradeCheck = 1430;
				TargetAttributes = {
					726D5C672A104D2500B4D622 = {
						CreatedOnToolsVersion = 14.3;
					};
					726D5C772A104D2700B4D622 = {
						CreatedOnToolsVersion = 14.3;
						TestTargetID = 726D5C672A104D2500B4D622;
					};
					726D5C812A104D2700B4D622 = {
						CreatedOnToolsVersion = 14.3;
						TestTargetID = 726D5C672A104D2500B4D622;
					};
				};
			};
			buildConfigurationList = 726D5C632A104D2500B4D622 /* Build configuration list for PBXProject "TicTacToe" */;
			compatibilityVersion = "Xcode 14.0";
			developmentRegion = en;
			hasScannedForEncodings = 0;
			knownRegions = (
				en,
				Base,
			);
			mainGroup = 726D5C5F2A104D2500B4D622;
			productRefGroup = 726D5C692A104D2500B4D622 /* Products */;
			projectDirPath = "";
			projectRoot = "";
			targets = (
				726D5C672A104D2500B4D622 /* TicTacToe */,
				726D5C772A104D2700B4D622 /* TicTacToeTests */,
				726D5C812A104D2700B4D622 /* TicTacToeUITests */,
			);
		};
/* End PBXProject section */

/* Begin PBXResourcesBuildPhase section */
		726D5C662A104D2500B4D622 /* Resources */ = {
			isa = PBXResourcesBuildPhase;
			buildActionMask = 2147483647;
			files = (
				726D5C732A104D2700B4D622 /* Preview Assets.xcassets in Resources */,
				726D5C702A104D2700B4D622 /* Assets.xcassets in Resources */,
			);
			runOnlyForDeploymentPostprocessing = 0;
		};
		726D5C762A104D2700B4D622 /* Resources */ = {
			isa = PBXResourcesBuildPhase;
			buildActionMask = 2147483647;
			files = (
			);
			runOnlyForDeploymentPostprocessing = 0;
		};
		726D5C802A104D2700B4D622 /* Resources */ = {
			isa = PBXResourcesBuildPhase;
			buildActionMask = 2147483647;
			files = (
			);
			runOnlyForDeploymentPostprocessing = 0;
		};
/* End PBXResourcesBuildPhase section */

/* Begin PBXSourcesBuildPhase section */
		726D5C642A104D2500B4D622 /* Sources */ = {
			isa = PBXSourcesBuildPhase;
			buildActionMask = 2147483647;
			files = (
				726D5C6E2A104D2500B4D622 /* ContentView.swift in Sources */,
				726D5C9E2A10563500B4D622 /* TicViewModel.swift in Sources */,
				726D5C6C2A104D2500B4D622 /* TicTacToeApp.swift in Sources */,
				726D5C972A104DEF00B4D622 /* TicModel.swift in Sources */,
			);
			runOnlyForDeploymentPostprocessing = 0;
		};
		726D5C742A104D2700B4D622 /* Sources */ = {
			isa = PBXSourcesBuildPhase;
			buildActionMask = 2147483647;
			files = (
				726D5C7D2A104D2700B4D622 /* TicTacToeTests.swift in Sources */,
				726D5C9B2A10560300B4D622 /* TicViewModelTests.swift in Sources */,
			);
			runOnlyForDeploymentPostprocessing = 0;
		};
		726D5C7E2A104D2700B4D622 /* Sources */ = {
			isa = PBXSourcesBuildPhase;
			buildActionMask = 2147483647;
			files = (
				726D5C872A104D2700B4D622 /* TicTacToeUITests.swift in Sources */,
				726D5C892A104D2700B4D622 /* TicTacToeUITestsLaunchTests.swift in Sources */,
			);
			runOnlyForDeploymentPostprocessing = 0;
		};
/* End PBXSourcesBuildPhase section */

/* Begin PBXTargetDependency section */
		726D5C7A2A104D2700B4D622 /* PBXTargetDependency */ = {
			isa = PBXTargetDependency;
			target = 726D5C672A104D2500B4D622 /* TicTacToe */;
			targetProxy = 726D5C792A104D2700B4D622 /* PBXContainerItemProxy */;
		};
		726D5C842A104D2700B4D622 /* PBXTargetDependency */ = {
			isa = PBXTargetDependency;
			target = 726D5C672A104D2500B4D622 /* TicTacToe */;
			targetProxy = 726D5C832A104D2700B4D622 /* PBXContainerItemProxy */;
		};
/* End PBXTargetDependency section */

/* Begin XCBuildConfiguration section */
		726D5C8A2A104D2700B4D622 /* Debug */ = {
			isa = XCBuildConfiguration;
			buildSettings = {
				ALWAYS_SEARCH_USER_PATHS = NO;
				CLANG_ANALYZER_NONNULL = YES;
				CLANG_ANALYZER_NUMBER_OBJECT_CONVERSION = YES_AGGRESSIVE;
				CLANG_CXX_LANGUAGE_STANDARD = "gnu++20";
				CLANG_ENABLE_MODULES = YES;
				CLANG_ENABLE_OBJC_ARC = YES;
				CLANG_ENABLE_OBJC_WEAK = YES;
				CLANG_WARN_BLOCK_CAPTURE_AUTORELEASING = YES;
				CLANG_WARN_BOOL_CONVERSION = YES;
				CLANG_WARN_COMMA = YES;
				CLANG_WARN_CONSTANT_CONVERSION = YES;
				CLANG_WARN_DEPRECATED_OBJC_IMPLEMENTATIONS = YES;
				CLANG_WARN_DIRECT_OBJC_ISA_USAGE = YES_ERROR;
				CLANG_WARN_DOCUMENTATION_COMMENTS = YES;
				CLANG_WARN_EMPTY_BODY = YES;
				CLANG_WARN_ENUM_CONVERSION = YES;
				CLANG_WARN_INFINITE_RECURSION = YES;
				CLANG_WARN_INT_CONVERSION = YES;
				CLANG_WARN_NON_LITERAL_NULL_CONVERSION = YES;
				CLANG_WARN_OBJC_IMPLICIT_RETAIN_SELF = YES;
				CLANG_WARN_OBJC_LITERAL_CONVERSION = YES;
				CLANG_WARN_OBJC_ROOT_CLASS = YES_ERROR;
				CLANG_WARN_QUOTED_INCLUDE_IN_FRAMEWORK_HEADER = YES;
				CLANG_WARN_RANGE_LOOP_ANALYSIS = YES;
				CLANG_WARN_STRICT_PROTOTYPES = YES;
				CLANG_WARN_SUSPICIOUS_MOVE = YES;
				CLANG_WARN_UNGUARDED_AVAILABILITY = YES_AGGRESSIVE;
				CLANG_WARN_UNREACHABLE_CODE = YES;
				CLANG_WARN__DUPLICATE_METHOD_MATCH = YES;
				COPY_PHASE_STRIP = NO;
				DEBUG_INFORMATION_FORMAT = dwarf;
				ENABLE_STRICT_OBJC_MSGSEND = YES;
				ENABLE_TESTABILITY = YES;
				GCC_C_LANGUAGE_STANDARD = gnu11;
				GCC_DYNAMIC_NO_PIC = NO;
				GCC_NO_COMMON_BLOCKS = YES;
				GCC_OPTIMIZATION_LEVEL = 0;
				GCC_PREPROCESSOR_DEFINITIONS = (
					"DEBUG=1",
					"$(inherited)",
				);
				GCC_WARN_64_TO_32_BIT_CONVERSION = YES;
				GCC_WARN_ABOUT_RETURN_TYPE = YES_ERROR;
				GCC_WARN_UNDECLARED_SELECTOR = YES;
				GCC_WARN_UNINITIALIZED_AUTOS = YES_AGGRESSIVE;
				GCC_WARN_UNUSED_FUNCTION = YES;
				GCC_WARN_UNUSED_VARIABLE = YES;
				IPHONEOS_DEPLOYMENT_TARGET = 16.4;
				MTL_ENABLE_DEBUG_INFO = INCLUDE_SOURCE;
				MTL_FAST_MATH = YES;
				ONLY_ACTIVE_ARCH = YES;
				SDKROOT = iphoneos;
				SWIFT_ACTIVE_COMPILATION_CONDITIONS = DEBUG;
				SWIFT_OPTIMIZATION_LEVEL = "-Onone";
			};
			name = Debug;
		};
		726D5C8B2A104D2700B4D622 /* Release */ = {
			isa = XCBuildConfiguration;
			buildSettings = {
				ALWAYS_SEARCH_USER_PATHS = NO;
				CLANG_ANALYZER_NONNULL = YES;
				CLANG_ANALYZER_NUMBER_OBJECT_CONVERSION = YES_AGGRESSIVE;
				CLANG_CXX_LANGUAGE_STANDARD = "gnu++20";
				CLANG_ENABLE_MODULES = YES;
				CLANG_ENABLE_OBJC_ARC = YES;
				CLANG_ENABLE_OBJC_WEAK = YES;
				CLANG_WARN_BLOCK_CAPTURE_AUTORELEASING = YES;
				CLANG_WARN_BOOL_CONVERSION = YES;
				CLANG_WARN_COMMA = YES;
				CLANG_WARN_CONSTANT_CONVERSION = YES;
				CLANG_WARN_DEPRECATED_OBJC_IMPLEMENTATIONS = YES;
				CLANG_WARN_DIRECT_OBJC_ISA_USAGE = YES_ERROR;
				CLANG_WARN_DOCUMENTATION_COMMENTS = YES;
				CLANG_WARN_EMPTY_BODY = YES;
				CLANG_WARN_ENUM_CONVERSION = YES;
				CLANG_WARN_INFINITE_RECURSION = YES;
				CLANG_WARN_INT_CONVERSION = YES;
				CLANG_WARN_NON_LITERAL_NULL_CONVERSION = YES;
				CLANG_WARN_OBJC_IMPLICIT_RETAIN_SELF = YES;
				CLANG_WARN_OBJC_LITERAL_CONVERSION = YES;
				CLANG_WARN_OBJC_ROOT_CLASS = YES_ERROR;
				CLANG_WARN_QUOTED_INCLUDE_IN_FRAMEWORK_HEADER = YES;
				CLANG_WARN_RANGE_LOOP_ANALYSIS = YES;
				CLANG_WARN_STRICT_PROTOTYPES = YES;
				CLANG_WARN_SUSPICIOUS_MOVE = YES;
				CLANG_WARN_UNGUARDED_AVAILABILITY = YES_AGGRESSIVE;
				CLANG_WARN_UNREACHABLE_CODE = YES;
				CLANG_WARN__DUPLICATE_METHOD_MATCH = YES;
				COPY_PHASE_STRIP = NO;
				DEBUG_INFORMATION_FORMAT = "dwarf-with-dsym";
				ENABLE_NS_ASSERTIONS = NO;
				ENABLE_STRICT_OBJC_MSGSEND = YES;
				GCC_C_LANGUAGE_STANDARD = gnu11;
				GCC_NO_COMMON_BLOCKS = YES;
				GCC_WARN_64_TO_32_BIT_CONVERSION = YES;
				GCC_WARN_ABOUT_RETURN_TYPE = YES_ERROR;
				GCC_WARN_UNDECLARED_SELECTOR = YES;
				GCC_WARN_UNINITIALIZED_AUTOS = YES_AGGRESSIVE;
				GCC_WARN_UNUSED_FUNCTION = YES;
				GCC_WARN_UNUSED_VARIABLE = YES;
				IPHONEOS_DEPLOYMENT_TARGET = 16.4;
				MTL_ENABLE_DEBUG_INFO = NO;
				MTL_FAST_MATH = YES;
				SDKROOT = iphoneos;
				SWIFT_COMPILATION_MODE = wholemodule;
				SWIFT_OPTIMIZATION_LEVEL = "-O";
				VALIDATE_PRODUCT = YES;
			};
			name = Release;
		};
		726D5C8D2A104D2700B4D622 /* Debug */ = {
			isa = XCBuildConfiguration;
			buildSettings = {
				ASSETCATALOG_COMPILER_APPICON_NAME = AppIcon;
				ASSETCATALOG_COMPILER_GLOBAL_ACCENT_COLOR_NAME = AccentColor;
				CODE_SIGN_STYLE = Automatic;
				CURRENT_PROJECT_VERSION = 1;
				DEVELOPMENT_ASSET_PATHS = "\"TicTacToe/Preview Content\"";
				ENABLE_PREVIEWS = YES;
				GENERATE_INFOPLIST_FILE = YES;
				INFOPLIST_KEY_UIApplicationSceneManifest_Generation = YES;
				INFOPLIST_KEY_UIApplicationSupportsIndirectInputEvents = YES;
				INFOPLIST_KEY_UILaunchScreen_Generation = YES;
				INFOPLIST_KEY_UISupportedInterfaceOrientations_iPad = "UIInterfaceOrientationPortrait UIInterfaceOrientationPortraitUpsideDown UIInterfaceOrientationLandscapeLeft UIInterfaceOrientationLandscapeRight";
				INFOPLIST_KEY_UISupportedInterfaceOrientations_iPhone = "UIInterfaceOrientationPortrait UIInterfaceOrientationLandscapeLeft UIInterfaceOrientationLandscapeRight";
				LD_RUNPATH_SEARCH_PATHS = (
					"$(inherited)",
					"@executable_path/Frameworks",
				);
				MARKETING_VERSION = 1.0;
				PRODUCT_BUNDLE_IDENTIFIER = com.haythamodeh.TicTacToe;
				PRODUCT_NAME = "$(TARGET_NAME)";
				SWIFT_EMIT_LOC_STRINGS = YES;
				SWIFT_VERSION = 5.0;
				TARGETED_DEVICE_FAMILY = "1,2";
			};
			name = Debug;
		};
		726D5C8E2A104D2700B4D622 /* Release */ = {
			isa = XCBuildConfiguration;
			buildSettings = {
				ASSETCATALOG_COMPILER_APPICON_NAME = AppIcon;
				ASSETCATALOG_COMPILER_GLOBAL_ACCENT_COLOR_NAME = AccentColor;
				CODE_SIGN_STYLE = Automatic;
				CURRENT_PROJECT_VERSION = 1;
				DEVELOPMENT_ASSET_PATHS = "\"TicTacToe/Preview Content\"";
				ENABLE_PREVIEWS = YES;
				GENERATE_INFOPLIST_FILE = YES;
				INFOPLIST_KEY_UIApplicationSceneManifest_Generation = YES;
				INFOPLIST_KEY_UIApplicationSupportsIndirectInputEvents = YES;
				INFOPLIST_KEY_UILaunchScreen_Generation = YES;
				INFOPLIST_KEY_UISupportedInterfaceOrientations_iPad = "UIInterfaceOrientationPortrait UIInterfaceOrientationPortraitUpsideDown UIInterfaceOrientationLandscapeLeft UIInterfaceOrientationLandscapeRight";
				INFOPLIST_KEY_UISupportedInterfaceOrientations_iPhone = "UIInterfaceOrientationPortrait UIInterfaceOrientationLandscapeLeft UIInterfaceOrientationLandscapeRight";
				LD_RUNPATH_SEARCH_PATHS = (
					"$(inherited)",
					"@executable_path/Frameworks",
				);
				MARKETING_VERSION = 1.0;
				PRODUCT_BUNDLE_IDENTIFIER = com.haythamodeh.TicTacToe;
				PRODUCT_NAME = "$(TARGET_NAME)";
				SWIFT_EMIT_LOC_STRINGS = YES;
				SWIFT_VERSION = 5.0;
				TARGETED_DEVICE_FAMILY = "1,2";
			};
			name = Release;
		};
		726D5C902A104D2700B4D622 /* Debug */ = {
			isa = XCBuildConfiguration;
			buildSettings = {
				ALWAYS_EMBED_SWIFT_STANDARD_LIBRARIES = YES;
				BUNDLE_LOADER = "$(TEST_HOST)";
				CODE_SIGN_STYLE = Automatic;
				CURRENT_PROJECT_VERSION = 1;
				GENERATE_INFOPLIST_FILE = YES;
				IPHONEOS_DEPLOYMENT_TARGET = 16.4;
				MARKETING_VERSION = 1.0;
				PRODUCT_BUNDLE_IDENTIFIER = com.haythamodeh.TicTacToeTests;
				PRODUCT_NAME = "$(TARGET_NAME)";
				SWIFT_EMIT_LOC_STRINGS = NO;
				SWIFT_VERSION = 5.0;
				TARGETED_DEVICE_FAMILY = "1,2";
				TEST_HOST = "$(BUILT_PRODUCTS_DIR)/TicTacToe.app/$(BUNDLE_EXECUTABLE_FOLDER_PATH)/TicTacToe";
			};
			name = Debug;
		};
		726D5C912A104D2700B4D622 /* Release */ = {
			isa = XCBuildConfiguration;
			buildSettings = {
				ALWAYS_EMBED_SWIFT_STANDARD_LIBRARIES = YES;
				BUNDLE_LOADER = "$(TEST_HOST)";
				CODE_SIGN_STYLE = Automatic;
				CURRENT_PROJECT_VERSION = 1;
				GENERATE_INFOPLIST_FILE = YES;
				IPHONEOS_DEPLOYMENT_TARGET = 16.4;
				MARKETING_VERSION = 1.0;
				PRODUCT_BUNDLE_IDENTIFIER = com.haythamodeh.TicTacToeTests;
				PRODUCT_NAME = "$(TARGET_NAME)";
				SWIFT_EMIT_LOC_STRINGS = NO;
				SWIFT_VERSION = 5.0;
				TARGETED_DEVICE_FAMILY = "1,2";
				TEST_HOST = "$(BUILT_PRODUCTS_DIR)/TicTacToe.app/$(BUNDLE_EXECUTABLE_FOLDER_PATH)/TicTacToe";
			};
			name = Release;
		};
		726D5C932A104D2700B4D622 /* Debug */ = {
			isa = XCBuildConfiguration;
			buildSettings = {
				ALWAYS_EMBED_SWIFT_STANDARD_LIBRARIES = YES;
				CODE_SIGN_STYLE = Automatic;
				CURRENT_PROJECT_VERSION = 1;
				GENERATE_INFOPLIST_FILE = YES;
				MARKETING_VERSION = 1.0;
				PRODUCT_BUNDLE_IDENTIFIER = com.haythamodeh.TicTacToeUITests;
				PRODUCT_NAME = "$(TARGET_NAME)";
				SWIFT_EMIT_LOC_STRINGS = NO;
				SWIFT_VERSION = 5.0;
				TARGETED_DEVICE_FAMILY = "1,2";
				TEST_TARGET_NAME = TicTacToe;
			};
			name = Debug;
		};
		726D5C942A104D2700B4D622 /* Release */ = {
			isa = XCBuildConfiguration;
			buildSettings = {
				ALWAYS_EMBED_SWIFT_STANDARD_LIBRARIES = YES;
				CODE_SIGN_STYLE = Automatic;
				CURRENT_PROJECT_VERSION = 1;
				GENERATE_INFOPLIST_FILE = YES;
				MARKETING_VERSION = 1.0;
				PRODUCT_BUNDLE_IDENTIFIER = com.haythamodeh.TicTacToeUITests;
				PRODUCT_NAME = "$(TARGET_NAME)";
				SWIFT_EMIT_LOC_STRINGS = NO;
				SWIFT_VERSION = 5.0;
				TARGETED_DEVICE_FAMILY = "1,2";
				TEST_TARGET_NAME = TicTacToe;
			};
			name = Release;
		};
/* End XCBuildConfiguration section */

/* Begin XCConfigurationList section */
		726D5C632A104D2500B4D622 /* Build configuration list for PBXProject "TicTacToe" */ = {
			isa = XCConfigurationList;
			buildConfigurations = (
				726D5C8A2A104D2700B4D622 /* Debug */,
				726D5C8B2A104D2700B4D622 /* Release */,
			);
			defaultConfigurationIsVisible = 0;
			defaultConfigurationName = Release;
		};
		726D5C8C2A104D2700B4D622 /* Build configuration list for PBXNativeTarget "TicTacToe" */ = {
			isa = XCConfigurationList;
			buildConfigurations = (
				726D5C8D2A104D2700B4D622 /* Debug */,
				726D5C8E2A104D2700B4D622 /* Release */,
			);
			defaultConfigurationIsVisible = 0;
			defaultConfigurationName = Release;
		};
		726D5C8F2A104D2700B4D622 /* Build configuration list for PBXNativeTarget "TicTacToeTests" */ = {
			isa = XCConfigurationList;
			buildConfigurations = (
				726D5C902A104D2700B4D622 /* Debug */,
				726D5C912A104D2700B4D622 /* Release */,
			);
			defaultConfigurationIsVisible = 0;
			defaultConfigurationName = Release;
		};
		726D5C922A104D2700B4D622 /* Build configuration list for PBXNativeTarget "TicTacToeUITests" */ = {
			isa = XCConfigurationList;
			buildConfigurations = (
				726D5C932A104D2700B4D622 /* Debug */,
				726D5C942A104D2700B4D622 /* Release */,
			);
			defaultConfigurationIsVisible = 0;
			defaultConfigurationName = Release;
		};
/* End XCConfigurationList section */
	};
	rootObject = 726D5C602A104D2500B4D622 /* Project object */;
}
